// !$*UTF8*$!
{
	archiveVersion = 1;
	classes = {
	};
	objectVersion = 46;
	objects = {

/* Begin PBXBuildFile section */
		4314A8DC3F75B39771E35C28 /* Pods_Left.framework in Frameworks */ = {isa = PBXBuildFile; fileRef = 7D5DD3B6F266E7307E942358 /* Pods_Left.framework */; };
		ED2DA1ED1C73EEC300E921BE /* leftLogo.png in Resources */ = {isa = PBXBuildFile; fileRef = ED2DA1EC1C73EEC300E921BE /* leftLogo.png */; };
		ED4502B01C778B86004D2B6D /* add.png in Resources */ = {isa = PBXBuildFile; fileRef = ED4502AF1C778B86004D2B6D /* add.png */; };
		ED4FF2D51C6EB04C00FF7439 /* RequestHandler.swift in Sources */ = {isa = PBXBuildFile; fileRef = ED4FF2D41C6EB04C00FF7439 /* RequestHandler.swift */; };
		ED55E2471C8A490D0079E254 /* FavoritesManager.swift in Sources */ = {isa = PBXBuildFile; fileRef = ED55E2461C8A490D0079E254 /* FavoritesManager.swift */; };
		ED7F2F7C1CB84F7300BCD86A /* RoundButton.swift in Sources */ = {isa = PBXBuildFile; fileRef = ED7F2F7B1CB84F7200BCD86A /* RoundButton.swift */; };
		ED7F2F7E1CB854BB00BCD86A /* iAd.framework in Frameworks */ = {isa = PBXBuildFile; fileRef = ED7F2F7D1CB854BB00BCD86A /* iAd.framework */; };
		ED80399B1BAC9D40009487B5 /* AppDelegate.swift in Sources */ = {isa = PBXBuildFile; fileRef = ED80399A1BAC9D40009487B5 /* AppDelegate.swift */; };
		ED80399D1BAC9D40009487B5 /* SearchViewController.swift in Sources */ = {isa = PBXBuildFile; fileRef = ED80399C1BAC9D40009487B5 /* SearchViewController.swift */; };
		ED80399F1BAC9D40009487B5 /* FavoritesViewController.swift in Sources */ = {isa = PBXBuildFile; fileRef = ED80399E1BAC9D40009487B5 /* FavoritesViewController.swift */; };
		ED8039A21BAC9D40009487B5 /* Main.storyboard in Resources */ = {isa = PBXBuildFile; fileRef = ED8039A01BAC9D40009487B5 /* Main.storyboard */; };
		ED8039A41BAC9D40009487B5 /* Assets.xcassets in Resources */ = {isa = PBXBuildFile; fileRef = ED8039A31BAC9D40009487B5 /* Assets.xcassets */; };
		ED8039A71BAC9D40009487B5 /* LaunchScreen.storyboard in Resources */ = {isa = PBXBuildFile; fileRef = ED8039A51BAC9D40009487B5 /* LaunchScreen.storyboard */; };
		ED8039B21BAC9D40009487B5 /* LeftTests.swift in Sources */ = {isa = PBXBuildFile; fileRef = ED8039B11BAC9D40009487B5 /* LeftTests.swift */; };
		ED8039BD1BAC9D40009487B5 /* LeftUITests.swift in Sources */ = {isa = PBXBuildFile; fileRef = ED8039BC1BAC9D40009487B5 /* LeftUITests.swift */; };
		ED8FA7161C97AE7800917804 /* LeftLogoNavBar.png in Resources */ = {isa = PBXBuildFile; fileRef = ED8FA7151C97AE7800917804 /* LeftLogoNavBar.png */; };
		ED8FA7181C97B00200917804 /* foodTabBar.png in Resources */ = {isa = PBXBuildFile; fileRef = ED8FA7171C97B00200917804 /* foodTabBar.png */; };
		ED9E35F21C76CF1200180C9F /* food.png in Resources */ = {isa = PBXBuildFile; fileRef = ED9E35F11C76CF1200180C9F /* food.png */; };
		EDA728FD1BB45F0A00A0FA26 /* ResultsViewController.swift in Sources */ = {isa = PBXBuildFile; fileRef = EDA728FC1BB45F0A00A0FA26 /* ResultsViewController.swift */; };
		EDA728FF1BB462DC00A0FA26 /* RecipeViewController.swift in Sources */ = {isa = PBXBuildFile; fileRef = EDA728FE1BB462DC00A0FA26 /* RecipeViewController.swift */; };
		EDB9B6911BB0596500B88EBF /* NavViewController.swift in Sources */ = {isa = PBXBuildFile; fileRef = EDB9B6901BB0596500B88EBF /* NavViewController.swift */; };
		EDC8E1F71C83D29800EA30E8 /* FavoriteRecipeCell.swift in Sources */ = {isa = PBXBuildFile; fileRef = EDC8E1F61C83D29800EA30E8 /* FavoriteRecipeCell.swift */; };
		EDDBB4571C70430100962B54 /* RecipeCell.swift in Sources */ = {isa = PBXBuildFile; fileRef = EDDBB4561C70430100962B54 /* RecipeCell.swift */; };
		EDDCC5241CBD626D00CE43DF /* Utils.swift in Sources */ = {isa = PBXBuildFile; fileRef = EDDCC5231CBD626D00CE43DF /* Utils.swift */; };
		EDF1B9571BEAFAE000750317 /* RecipeItem.swift in Sources */ = {isa = PBXBuildFile; fileRef = EDF1B9561BEAFAE000750317 /* RecipeItem.swift */; };
		EDFFC02D1C8F4CAB00063604 /* FavoriteRecipeViewController.swift in Sources */ = {isa = PBXBuildFile; fileRef = EDFFC02C1C8F4CAB00063604 /* FavoriteRecipeViewController.swift */; };
/* End PBXBuildFile section */

/* Begin PBXContainerItemProxy section */
		ED8039AE1BAC9D40009487B5 /* PBXContainerItemProxy */ = {
			isa = PBXContainerItemProxy;
			containerPortal = ED80398F1BAC9D40009487B5 /* Project object */;
			proxyType = 1;
			remoteGlobalIDString = ED8039961BAC9D40009487B5;
			remoteInfo = Left;
		};
		ED8039B91BAC9D40009487B5 /* PBXContainerItemProxy */ = {
			isa = PBXContainerItemProxy;
			containerPortal = ED80398F1BAC9D40009487B5 /* Project object */;
			proxyType = 1;
			remoteGlobalIDString = ED8039961BAC9D40009487B5;
			remoteInfo = Left;
		};
/* End PBXContainerItemProxy section */

/* Begin PBXCopyFilesBuildPhase section */
		ED0BF0561C742D8C0061FEC6 /* CopyFiles */ = {
			isa = PBXCopyFilesBuildPhase;
			buildActionMask = 2147483647;
			dstPath = "";
			dstSubfolderSpec = 10;
			files = (
			);
			runOnlyForDeploymentPostprocessing = 0;
		};
		ED4FF2D31C6EAD0E00FF7439 /* Embed Frameworks */ = {
			isa = PBXCopyFilesBuildPhase;
			buildActionMask = 12;
			dstPath = "";
			dstSubfolderSpec = 10;
			files = (
			);
			name = "Embed Frameworks";
			runOnlyForDeploymentPostprocessing = 0;
		};
/* End PBXCopyFilesBuildPhase section */

/* Begin PBXFileReference section */
		258BEFE3AFDF0EA894BD2B98 /* Pods-Left.debug.xcconfig */ = {isa = PBXFileReference; includeInIndex = 1; lastKnownFileType = text.xcconfig; name = "Pods-Left.debug.xcconfig"; path = "Pods/Target Support Files/Pods-Left/Pods-Left.debug.xcconfig"; sourceTree = "<group>"; };
		2A50E7E22FE4711A4AEB04DF /* Pods-Left.release.xcconfig */ = {isa = PBXFileReference; includeInIndex = 1; lastKnownFileType = text.xcconfig; name = "Pods-Left.release.xcconfig"; path = "Pods/Target Support Files/Pods-Left/Pods-Left.release.xcconfig"; sourceTree = "<group>"; };
		7D5DD3B6F266E7307E942358 /* Pods_Left.framework */ = {isa = PBXFileReference; explicitFileType = wrapper.framework; includeInIndex = 0; path = Pods_Left.framework; sourceTree = BUILT_PRODUCTS_DIR; };
		ED2DA1EC1C73EEC300E921BE /* leftLogo.png */ = {isa = PBXFileReference; lastKnownFileType = image.png; path = leftLogo.png; sourceTree = "<group>"; };
		ED4502AF1C778B86004D2B6D /* add.png */ = {isa = PBXFileReference; lastKnownFileType = image.png; path = add.png; sourceTree = "<group>"; };
		ED4FF2D41C6EB04C00FF7439 /* RequestHandler.swift */ = {isa = PBXFileReference; fileEncoding = 4; lastKnownFileType = sourcecode.swift; path = RequestHandler.swift; sourceTree = "<group>"; };
		ED55E2461C8A490D0079E254 /* FavoritesManager.swift */ = {isa = PBXFileReference; fileEncoding = 4; lastKnownFileType = sourcecode.swift; path = FavoritesManager.swift; sourceTree = "<group>"; };
		ED7F2F7B1CB84F7200BCD86A /* RoundButton.swift */ = {isa = PBXFileReference; fileEncoding = 4; lastKnownFileType = sourcecode.swift; path = RoundButton.swift; sourceTree = "<group>"; };
		ED7F2F7D1CB854BB00BCD86A /* iAd.framework */ = {isa = PBXFileReference; lastKnownFileType = wrapper.framework; name = iAd.framework; path = System/Library/Frameworks/iAd.framework; sourceTree = SDKROOT; };
		ED8039971BAC9D40009487B5 /* Left.app */ = {isa = PBXFileReference; explicitFileType = wrapper.application; includeInIndex = 0; path = Left.app; sourceTree = BUILT_PRODUCTS_DIR; };
		ED80399A1BAC9D40009487B5 /* AppDelegate.swift */ = {isa = PBXFileReference; lastKnownFileType = sourcecode.swift; path = AppDelegate.swift; sourceTree = "<group>"; };
		ED80399C1BAC9D40009487B5 /* SearchViewController.swift */ = {isa = PBXFileReference; lastKnownFileType = sourcecode.swift; path = SearchViewController.swift; sourceTree = "<group>"; };
		ED80399E1BAC9D40009487B5 /* FavoritesViewController.swift */ = {isa = PBXFileReference; lastKnownFileType = sourcecode.swift; path = FavoritesViewController.swift; sourceTree = "<group>"; };
		ED8039A11BAC9D40009487B5 /* Base */ = {isa = PBXFileReference; lastKnownFileType = file.storyboard; name = Base; path = Base.lproj/Main.storyboard; sourceTree = "<group>"; };
		ED8039A31BAC9D40009487B5 /* Assets.xcassets */ = {isa = PBXFileReference; lastKnownFileType = folder.assetcatalog; path = Assets.xcassets; sourceTree = "<group>"; };
		ED8039A61BAC9D40009487B5 /* Base */ = {isa = PBXFileReference; lastKnownFileType = file.storyboard; name = Base; path = Base.lproj/LaunchScreen.storyboard; sourceTree = "<group>"; };
		ED8039A81BAC9D40009487B5 /* Info.plist */ = {isa = PBXFileReference; lastKnownFileType = text.plist.xml; path = Info.plist; sourceTree = "<group>"; };
		ED8039AD1BAC9D40009487B5 /* LeftTests.xctest */ = {isa = PBXFileReference; explicitFileType = wrapper.cfbundle; includeInIndex = 0; path = LeftTests.xctest; sourceTree = BUILT_PRODUCTS_DIR; };
		ED8039B11BAC9D40009487B5 /* LeftTests.swift */ = {isa = PBXFileReference; lastKnownFileType = sourcecode.swift; path = LeftTests.swift; sourceTree = "<group>"; };
		ED8039B31BAC9D40009487B5 /* Info.plist */ = {isa = PBXFileReference; lastKnownFileType = text.plist.xml; path = Info.plist; sourceTree = "<group>"; };
		ED8039B81BAC9D40009487B5 /* LeftUITests.xctest */ = {isa = PBXFileReference; explicitFileType = wrapper.cfbundle; includeInIndex = 0; path = LeftUITests.xctest; sourceTree = BUILT_PRODUCTS_DIR; };
		ED8039BC1BAC9D40009487B5 /* LeftUITests.swift */ = {isa = PBXFileReference; lastKnownFileType = sourcecode.swift; path = LeftUITests.swift; sourceTree = "<group>"; };
		ED8039BE1BAC9D40009487B5 /* Info.plist */ = {isa = PBXFileReference; lastKnownFileType = text.plist.xml; path = Info.plist; sourceTree = "<group>"; };
		ED8FA7151C97AE7800917804 /* LeftLogoNavBar.png */ = {isa = PBXFileReference; lastKnownFileType = image.png; path = LeftLogoNavBar.png; sourceTree = "<group>"; };
		ED8FA7171C97B00200917804 /* foodTabBar.png */ = {isa = PBXFileReference; lastKnownFileType = image.png; path = foodTabBar.png; sourceTree = "<group>"; };
		ED9E35F11C76CF1200180C9F /* food.png */ = {isa = PBXFileReference; lastKnownFileType = image.png; path = food.png; sourceTree = "<group>"; };
		EDA728FC1BB45F0A00A0FA26 /* ResultsViewController.swift */ = {isa = PBXFileReference; fileEncoding = 4; lastKnownFileType = sourcecode.swift; path = ResultsViewController.swift; sourceTree = "<group>"; };
		EDA728FE1BB462DC00A0FA26 /* RecipeViewController.swift */ = {isa = PBXFileReference; fileEncoding = 4; lastKnownFileType = sourcecode.swift; path = RecipeViewController.swift; sourceTree = "<group>"; };
		EDB9B6901BB0596500B88EBF /* NavViewController.swift */ = {isa = PBXFileReference; fileEncoding = 4; lastKnownFileType = sourcecode.swift; path = NavViewController.swift; sourceTree = "<group>"; };
		EDC8E1F61C83D29800EA30E8 /* FavoriteRecipeCell.swift */ = {isa = PBXFileReference; fileEncoding = 4; lastKnownFileType = sourcecode.swift; path = FavoriteRecipeCell.swift; sourceTree = "<group>"; };
		EDDBB4561C70430100962B54 /* RecipeCell.swift */ = {isa = PBXFileReference; fileEncoding = 4; lastKnownFileType = sourcecode.swift; path = RecipeCell.swift; sourceTree = "<group>"; };
		EDDCC5231CBD626D00CE43DF /* Utils.swift */ = {isa = PBXFileReference; fileEncoding = 4; lastKnownFileType = sourcecode.swift; path = Utils.swift; sourceTree = "<group>"; };
		EDF1B9561BEAFAE000750317 /* RecipeItem.swift */ = {isa = PBXFileReference; fileEncoding = 4; lastKnownFileType = sourcecode.swift; path = RecipeItem.swift; sourceTree = "<group>"; };
		EDFFC02C1C8F4CAB00063604 /* FavoriteRecipeViewController.swift */ = {isa = PBXFileReference; fileEncoding = 4; lastKnownFileType = sourcecode.swift; path = FavoriteRecipeViewController.swift; sourceTree = "<group>"; };
/* End PBXFileReference section */

/* Begin PBXFrameworksBuildPhase section */
		ED8039941BAC9D40009487B5 /* Frameworks */ = {
			isa = PBXFrameworksBuildPhase;
			buildActionMask = 2147483647;
			files = (
				ED7F2F7E1CB854BB00BCD86A /* iAd.framework in Frameworks */,
				4314A8DC3F75B39771E35C28 /* Pods_Left.framework in Frameworks */,
			);
			runOnlyForDeploymentPostprocessing = 0;
		};
		ED8039AA1BAC9D40009487B5 /* Frameworks */ = {
			isa = PBXFrameworksBuildPhase;
			buildActionMask = 2147483647;
			files = (
			);
			runOnlyForDeploymentPostprocessing = 0;
		};
		ED8039B51BAC9D40009487B5 /* Frameworks */ = {
			isa = PBXFrameworksBuildPhase;
			buildActionMask = 2147483647;
			files = (
			);
			runOnlyForDeploymentPostprocessing = 0;
		};
/* End PBXFrameworksBuildPhase section */

/* Begin PBXGroup section */
		7FD72D86C2EDDD7C19A2992F /* Frameworks */ = {
			isa = PBXGroup;
			children = (
				ED7F2F7D1CB854BB00BCD86A /* iAd.framework */,
				7D5DD3B6F266E7307E942358 /* Pods_Left.framework */,
			);
			name = Frameworks;
			sourceTree = "<group>";
		};
		ED80398E1BAC9D40009487B5 = {
			isa = PBXGroup;
			children = (
				ED8039991BAC9D40009487B5 /* Left */,
				ED8039B01BAC9D40009487B5 /* LeftTests */,
				ED8039BB1BAC9D40009487B5 /* LeftUITests */,
				ED8039981BAC9D40009487B5 /* Products */,
				FAA45BFD36B8A97B76C994CF /* Pods */,
				7FD72D86C2EDDD7C19A2992F /* Frameworks */,
			);
			sourceTree = "<group>";
		};
		ED8039981BAC9D40009487B5 /* Products */ = {
			isa = PBXGroup;
			children = (
				ED8039971BAC9D40009487B5 /* Left.app */,
				ED8039AD1BAC9D40009487B5 /* LeftTests.xctest */,
				ED8039B81BAC9D40009487B5 /* LeftUITests.xctest */,
			);
			name = Products;
			sourceTree = "<group>";
		};
		ED8039991BAC9D40009487B5 /* Left */ = {
			isa = PBXGroup;
			children = (
				ED8039A01BAC9D40009487B5 /* Main.storyboard */,
				EDDBB4551C70429D00962B54 /* Model */,
				EDDBB4481C70428D00962B54 /* Controller */,
				EDC974391C94D331000C1C24 /* Other */,
				ED8039A31BAC9D40009487B5 /* Assets.xcassets */,
				ED8039A51BAC9D40009487B5 /* LaunchScreen.storyboard */,
				EDB9B6941BB05C9B00B88EBF /* Supporting Files */,
			);
			path = Left;
			sourceTree = "<group>";
		};
		ED8039B01BAC9D40009487B5 /* LeftTests */ = {
			isa = PBXGroup;
			children = (
				ED8039B11BAC9D40009487B5 /* LeftTests.swift */,
				ED8039B31BAC9D40009487B5 /* Info.plist */,
			);
			path = LeftTests;
			sourceTree = "<group>";
		};
		ED8039BB1BAC9D40009487B5 /* LeftUITests */ = {
			isa = PBXGroup;
			children = (
				ED8039BC1BAC9D40009487B5 /* LeftUITests.swift */,
				ED8039BE1BAC9D40009487B5 /* Info.plist */,
			);
			path = LeftUITests;
			sourceTree = "<group>";
		};
		EDB9B6941BB05C9B00B88EBF /* Supporting Files */ = {
			isa = PBXGroup;
			children = (
				ED8FA7171C97B00200917804 /* foodTabBar.png */,
				ED8FA7151C97AE7800917804 /* LeftLogoNavBar.png */,
				ED4502AF1C778B86004D2B6D /* add.png */,
				ED9E35F11C76CF1200180C9F /* food.png */,
				ED2DA1EC1C73EEC300E921BE /* leftLogo.png */,
				ED8039A81BAC9D40009487B5 /* Info.plist */,
			);
			name = "Supporting Files";
			sourceTree = "<group>";
		};
		EDC974391C94D331000C1C24 /* Other */ = {
			isa = PBXGroup;
			children = (
				EDB9B6901BB0596500B88EBF /* NavViewController.swift */,
				ED80399A1BAC9D40009487B5 /* AppDelegate.swift */,
				EDDCC5231CBD626D00CE43DF /* Utils.swift */,
			);
			name = Other;
			sourceTree = "<group>";
		};
		EDDBB4481C70428D00962B54 /* Controller */ = {
			isa = PBXGroup;
			children = (
				EDA728FC1BB45F0A00A0FA26 /* ResultsViewController.swift */,
				ED80399C1BAC9D40009487B5 /* SearchViewController.swift */,
				ED4FF2D41C6EB04C00FF7439 /* RequestHandler.swift */,
				EDA728FE1BB462DC00A0FA26 /* RecipeViewController.swift */,
				ED80399E1BAC9D40009487B5 /* FavoritesViewController.swift */,
				EDFFC02C1C8F4CAB00063604 /* FavoriteRecipeViewController.swift */,
			);
			name = Controller;
			sourceTree = "<group>";
		};
		EDDBB4551C70429D00962B54 /* Model */ = {
			isa = PBXGroup;
			children = (
				ED7F2F7B1CB84F7200BCD86A /* RoundButton.swift */,
				EDF1B9561BEAFAE000750317 /* RecipeItem.swift */,
				EDDBB4561C70430100962B54 /* RecipeCell.swift */,
				EDC8E1F61C83D29800EA30E8 /* FavoriteRecipeCell.swift */,
				ED55E2461C8A490D0079E254 /* FavoritesManager.swift */,
			);
			name = Model;
			sourceTree = "<group>";
		};
		FAA45BFD36B8A97B76C994CF /* Pods */ = {
			isa = PBXGroup;
			children = (
				258BEFE3AFDF0EA894BD2B98 /* Pods-Left.debug.xcconfig */,
				2A50E7E22FE4711A4AEB04DF /* Pods-Left.release.xcconfig */,
			);
			name = Pods;
			sourceTree = "<group>";
		};
/* End PBXGroup section */

/* Begin PBXNativeTarget section */
		ED8039961BAC9D40009487B5 /* Left */ = {
			isa = PBXNativeTarget;
			buildConfigurationList = ED8039C11BAC9D40009487B5 /* Build configuration list for PBXNativeTarget "Left" */;
			buildPhases = (
				1E02EC7C61E2300AE0DB76DA /* 📦 Check Pods Manifest.lock */,
				ED8039931BAC9D40009487B5 /* Sources */,
				ED8039941BAC9D40009487B5 /* Frameworks */,
				ED8039951BAC9D40009487B5 /* Resources */,
				ED4FF2D31C6EAD0E00FF7439 /* Embed Frameworks */,
				ED4FF3321C6EDE3900FF7439 /* ShellScript */,
				ED0BF0561C742D8C0061FEC6 /* CopyFiles */,
				6D4DB7CC06E7D705DE375403 /* 📦 Embed Pods Frameworks */,
				5E8A363C7F87262AFB02F5CA /* 📦 Copy Pods Resources */,
			);
			buildRules = (
			);
			dependencies = (
			);
			name = Left;
			productName = Left;
			productReference = ED8039971BAC9D40009487B5 /* Left.app */;
			productType = "com.apple.product-type.application";
		};
		ED8039AC1BAC9D40009487B5 /* LeftTests */ = {
			isa = PBXNativeTarget;
			buildConfigurationList = ED8039C41BAC9D40009487B5 /* Build configuration list for PBXNativeTarget "LeftTests" */;
			buildPhases = (
				ED8039A91BAC9D40009487B5 /* Sources */,
				ED8039AA1BAC9D40009487B5 /* Frameworks */,
				ED8039AB1BAC9D40009487B5 /* Resources */,
			);
			buildRules = (
			);
			dependencies = (
				ED8039AF1BAC9D40009487B5 /* PBXTargetDependency */,
			);
			name = LeftTests;
			productName = LeftTests;
			productReference = ED8039AD1BAC9D40009487B5 /* LeftTests.xctest */;
			productType = "com.apple.product-type.bundle.unit-test";
		};
		ED8039B71BAC9D40009487B5 /* LeftUITests */ = {
			isa = PBXNativeTarget;
			buildConfigurationList = ED8039C71BAC9D40009487B5 /* Build configuration list for PBXNativeTarget "LeftUITests" */;
			buildPhases = (
				ED8039B41BAC9D40009487B5 /* Sources */,
				ED8039B51BAC9D40009487B5 /* Frameworks */,
				ED8039B61BAC9D40009487B5 /* Resources */,
			);
			buildRules = (
			);
			dependencies = (
				ED8039BA1BAC9D40009487B5 /* PBXTargetDependency */,
			);
			name = LeftUITests;
			productName = LeftUITests;
			productReference = ED8039B81BAC9D40009487B5 /* LeftUITests.xctest */;
			productType = "com.apple.product-type.bundle.ui-testing";
		};
/* End PBXNativeTarget section */

/* Begin PBXProject section */
		ED80398F1BAC9D40009487B5 /* Project object */ = {
			isa = PBXProject;
			attributes = {
				LastUpgradeCheck = 0720;
				ORGANIZATIONNAME = "Ale Patrón";
				TargetAttributes = {
					ED8039961BAC9D40009487B5 = {
						CreatedOnToolsVersion = 7.0;
						DevelopmentTeam = 5U48XLFTQZ;
					};
					ED8039AC1BAC9D40009487B5 = {
						CreatedOnToolsVersion = 7.0;
						TestTargetID = ED8039961BAC9D40009487B5;
					};
					ED8039B71BAC9D40009487B5 = {
						CreatedOnToolsVersion = 7.0;
						TestTargetID = ED8039961BAC9D40009487B5;
					};
				};
			};
			buildConfigurationList = ED8039921BAC9D40009487B5 /* Build configuration list for PBXProject "Left" */;
			compatibilityVersion = "Xcode 3.2";
			developmentRegion = English;
			hasScannedForEncodings = 0;
			knownRegions = (
				en,
				Base,
			);
			mainGroup = ED80398E1BAC9D40009487B5;
			productRefGroup = ED8039981BAC9D40009487B5 /* Products */;
			projectDirPath = "";
			projectRoot = "";
			targets = (
				ED8039961BAC9D40009487B5 /* Left */,
				ED8039AC1BAC9D40009487B5 /* LeftTests */,
				ED8039B71BAC9D40009487B5 /* LeftUITests */,
			);
		};
/* End PBXProject section */

/* Begin PBXResourcesBuildPhase section */
		ED8039951BAC9D40009487B5 /* Resources */ = {
			isa = PBXResourcesBuildPhase;
			buildActionMask = 2147483647;
			files = (
				ED8039A71BAC9D40009487B5 /* LaunchScreen.storyboard in Resources */,
				ED4502B01C778B86004D2B6D /* add.png in Resources */,
				ED8FA7161C97AE7800917804 /* LeftLogoNavBar.png in Resources */,
				ED9E35F21C76CF1200180C9F /* food.png in Resources */,
				ED8039A41BAC9D40009487B5 /* Assets.xcassets in Resources */,
				ED8FA7181C97B00200917804 /* foodTabBar.png in Resources */,
				ED8039A21BAC9D40009487B5 /* Main.storyboard in Resources */,
				ED2DA1ED1C73EEC300E921BE /* leftLogo.png in Resources */,
			);
			runOnlyForDeploymentPostprocessing = 0;
		};
		ED8039AB1BAC9D40009487B5 /* Resources */ = {
			isa = PBXResourcesBuildPhase;
			buildActionMask = 2147483647;
			files = (
			);
			runOnlyForDeploymentPostprocessing = 0;
		};
		ED8039B61BAC9D40009487B5 /* Resources */ = {
			isa = PBXResourcesBuildPhase;
			buildActionMask = 2147483647;
			files = (
			);
			runOnlyForDeploymentPostprocessing = 0;
		};
/* End PBXResourcesBuildPhase section */

/* Begin PBXShellScriptBuildPhase section */
		1E02EC7C61E2300AE0DB76DA /* 📦 Check Pods Manifest.lock */ = {
			isa = PBXShellScriptBuildPhase;
			buildActionMask = 2147483647;
			files = (
			);
			inputPaths = (
			);
			name = "📦 Check Pods Manifest.lock";
			outputPaths = (
			);
			runOnlyForDeploymentPostprocessing = 0;
			shellPath = /bin/sh;
			shellScript = "diff \"${PODS_ROOT}/../Podfile.lock\" \"${PODS_ROOT}/Manifest.lock\" > /dev/null\nif [[ $? != 0 ]] ; then\n    cat << EOM\nerror: The sandbox is not in sync with the Podfile.lock. Run 'pod install' or update your CocoaPods installation.\nEOM\n    exit 1\nfi\n";
			showEnvVarsInLog = 0;
		};
		5E8A363C7F87262AFB02F5CA /* 📦 Copy Pods Resources */ = {
			isa = PBXShellScriptBuildPhase;
			buildActionMask = 2147483647;
			files = (
			);
			inputPaths = (
			);
			name = "📦 Copy Pods Resources";
			outputPaths = (
			);
			runOnlyForDeploymentPostprocessing = 0;
			shellPath = /bin/sh;
			shellScript = "\"${SRCROOT}/Pods/Target Support Files/Pods-Left/Pods-Left-resources.sh\"\n";
			showEnvVarsInLog = 0;
		};
		6D4DB7CC06E7D705DE375403 /* 📦 Embed Pods Frameworks */ = {
			isa = PBXShellScriptBuildPhase;
			buildActionMask = 2147483647;
			files = (
			);
			inputPaths = (
			);
			name = "📦 Embed Pods Frameworks";
			outputPaths = (
			);
			runOnlyForDeploymentPostprocessing = 0;
			shellPath = /bin/sh;
			shellScript = "\"${SRCROOT}/Pods/Target Support Files/Pods-Left/Pods-Left-frameworks.sh\"\n";
			showEnvVarsInLog = 0;
		};
		ED4FF3321C6EDE3900FF7439 /* ShellScript */ = {
			isa = PBXShellScriptBuildPhase;
			buildActionMask = 8;
			files = (
			);
			inputPaths = (
				"$(SRCROOT)/Carthage/Build/iOS/AlamoFire.framework",
				"$(SRCROOT)/Carthage/Build/iOS/SwiftyJSON.framework",
			);
			outputPaths = (
			);
			runOnlyForDeploymentPostprocessing = 1;
			shellPath = /bin/sh;
			shellScript = "/usr/local/bin/carthage copy-frameworks";
		};
/* End PBXShellScriptBuildPhase section */

/* Begin PBXSourcesBuildPhase section */
		ED8039931BAC9D40009487B5 /* Sources */ = {
			isa = PBXSourcesBuildPhase;
			buildActionMask = 2147483647;
			files = (
				EDFFC02D1C8F4CAB00063604 /* FavoriteRecipeViewController.swift in Sources */,
				EDB9B6911BB0596500B88EBF /* NavViewController.swift in Sources */,
				ED80399F1BAC9D40009487B5 /* FavoritesViewController.swift in Sources */,
				EDDCC5241CBD626D00CE43DF /* Utils.swift in Sources */,
				EDF1B9571BEAFAE000750317 /* RecipeItem.swift in Sources */,
				EDDBB4571C70430100962B54 /* RecipeCell.swift in Sources */,
				EDA728FF1BB462DC00A0FA26 /* RecipeViewController.swift in Sources */,
				ED7F2F7C1CB84F7300BCD86A /* RoundButton.swift in Sources */,
				ED55E2471C8A490D0079E254 /* FavoritesManager.swift in Sources */,
				ED80399B1BAC9D40009487B5 /* AppDelegate.swift in Sources */,
				EDA728FD1BB45F0A00A0FA26 /* ResultsViewController.swift in Sources */,
				ED4FF2D51C6EB04C00FF7439 /* RequestHandler.swift in Sources */,
				ED80399D1BAC9D40009487B5 /* SearchViewController.swift in Sources */,
				EDC8E1F71C83D29800EA30E8 /* FavoriteRecipeCell.swift in Sources */,
			);
			runOnlyForDeploymentPostprocessing = 0;
		};
		ED8039A91BAC9D40009487B5 /* Sources */ = {
			isa = PBXSourcesBuildPhase;
			buildActionMask = 2147483647;
			files = (
				ED8039B21BAC9D40009487B5 /* LeftTests.swift in Sources */,
			);
			runOnlyForDeploymentPostprocessing = 0;
		};
		ED8039B41BAC9D40009487B5 /* Sources */ = {
			isa = PBXSourcesBuildPhase;
			buildActionMask = 2147483647;
			files = (
				ED8039BD1BAC9D40009487B5 /* LeftUITests.swift in Sources */,
			);
			runOnlyForDeploymentPostprocessing = 0;
		};
/* End PBXSourcesBuildPhase section */

/* Begin PBXTargetDependency section */
		ED8039AF1BAC9D40009487B5 /* PBXTargetDependency */ = {
			isa = PBXTargetDependency;
			target = ED8039961BAC9D40009487B5 /* Left */;
			targetProxy = ED8039AE1BAC9D40009487B5 /* PBXContainerItemProxy */;
		};
		ED8039BA1BAC9D40009487B5 /* PBXTargetDependency */ = {
			isa = PBXTargetDependency;
			target = ED8039961BAC9D40009487B5 /* Left */;
			targetProxy = ED8039B91BAC9D40009487B5 /* PBXContainerItemProxy */;
		};
/* End PBXTargetDependency section */

/* Begin PBXVariantGroup section */
		ED8039A01BAC9D40009487B5 /* Main.storyboard */ = {
			isa = PBXVariantGroup;
			children = (
				ED8039A11BAC9D40009487B5 /* Base */,
			);
			name = Main.storyboard;
			sourceTree = "<group>";
		};
		ED8039A51BAC9D40009487B5 /* LaunchScreen.storyboard */ = {
			isa = PBXVariantGroup;
			children = (
				ED8039A61BAC9D40009487B5 /* Base */,
			);
			name = LaunchScreen.storyboard;
			sourceTree = "<group>";
		};
/* End PBXVariantGroup section */

/* Begin XCBuildConfiguration section */
		ED8039BF1BAC9D40009487B5 /* Debug */ = {
			isa = XCBuildConfiguration;
			buildSettings = {
				ALWAYS_SEARCH_USER_PATHS = NO;
				CLANG_CXX_LANGUAGE_STANDARD = "gnu++0x";
				CLANG_CXX_LIBRARY = "libc++";
				CLANG_ENABLE_MODULES = YES;
				CLANG_ENABLE_OBJC_ARC = YES;
				CLANG_WARN_BOOL_CONVERSION = YES;
				CLANG_WARN_CONSTANT_CONVERSION = YES;
				CLANG_WARN_DIRECT_OBJC_ISA_USAGE = YES_ERROR;
				CLANG_WARN_EMPTY_BODY = YES;
				CLANG_WARN_ENUM_CONVERSION = YES;
				CLANG_WARN_INT_CONVERSION = YES;
				CLANG_WARN_OBJC_ROOT_CLASS = YES_ERROR;
				CLANG_WARN_UNREACHABLE_CODE = YES;
				CLANG_WARN__DUPLICATE_METHOD_MATCH = YES;
				"CODE_SIGN_IDENTITY[sdk=iphoneos*]" = "iPhone Developer";
				COPY_PHASE_STRIP = NO;
				DEBUG_INFORMATION_FORMAT = dwarf;
				ENABLE_BITCODE = YES;
				ENABLE_STRICT_OBJC_MSGSEND = YES;
				ENABLE_TESTABILITY = YES;
				GCC_C_LANGUAGE_STANDARD = gnu99;
				GCC_DYNAMIC_NO_PIC = NO;
				GCC_NO_COMMON_BLOCKS = YES;
				GCC_OPTIMIZATION_LEVEL = 0;
				GCC_PREPROCESSOR_DEFINITIONS = (
					"DEBUG=1",
					"$(inherited)",
				);
				GCC_WARN_64_TO_32_BIT_CONVERSION = YES;
				GCC_WARN_ABOUT_RETURN_TYPE = YES_ERROR;
				GCC_WARN_UNDECLARED_SELECTOR = YES;
				GCC_WARN_UNINITIALIZED_AUTOS = YES_AGGRESSIVE;
				GCC_WARN_UNUSED_FUNCTION = YES;
				GCC_WARN_UNUSED_VARIABLE = YES;
				IPHONEOS_DEPLOYMENT_TARGET = 9.0;
				MTL_ENABLE_DEBUG_INFO = YES;
				ONLY_ACTIVE_ARCH = YES;
				SDKROOT = iphoneos;
				SWIFT_OPTIMIZATION_LEVEL = "-Onone";
			};
			name = Debug;
		};
		ED8039C01BAC9D40009487B5 /* Release */ = {
			isa = XCBuildConfiguration;
			buildSettings = {
				ALWAYS_SEARCH_USER_PATHS = NO;
				CLANG_CXX_LANGUAGE_STANDARD = "gnu++0x";
				CLANG_CXX_LIBRARY = "libc++";
				CLANG_ENABLE_MODULES = YES;
				CLANG_ENABLE_OBJC_ARC = YES;
				CLANG_WARN_BOOL_CONVERSION = YES;
				CLANG_WARN_CONSTANT_CONVERSION = YES;
				CLANG_WARN_DIRECT_OBJC_ISA_USAGE = YES_ERROR;
				CLANG_WARN_EMPTY_BODY = YES;
				CLANG_WARN_ENUM_CONVERSION = YES;
				CLANG_WARN_INT_CONVERSION = YES;
				CLANG_WARN_OBJC_ROOT_CLASS = YES_ERROR;
				CLANG_WARN_UNREACHABLE_CODE = YES;
				CLANG_WARN__DUPLICATE_METHOD_MATCH = YES;
				"CODE_SIGN_IDENTITY[sdk=iphoneos*]" = "iPhone Developer";
				COPY_PHASE_STRIP = NO;
				DEBUG_INFORMATION_FORMAT = "dwarf-with-dsym";
				ENABLE_BITCODE = YES;
				ENABLE_NS_ASSERTIONS = NO;
				ENABLE_STRICT_OBJC_MSGSEND = YES;
				GCC_C_LANGUAGE_STANDARD = gnu99;
				GCC_NO_COMMON_BLOCKS = YES;
				GCC_WARN_64_TO_32_BIT_CONVERSION = YES;
				GCC_WARN_ABOUT_RETURN_TYPE = YES_ERROR;
				GCC_WARN_UNDECLARED_SELECTOR = YES;
				GCC_WARN_UNINITIALIZED_AUTOS = YES_AGGRESSIVE;
				GCC_WARN_UNUSED_FUNCTION = YES;
				GCC_WARN_UNUSED_VARIABLE = YES;
				IPHONEOS_DEPLOYMENT_TARGET = 9.0;
				MTL_ENABLE_DEBUG_INFO = NO;
				SDKROOT = iphoneos;
				VALIDATE_PRODUCT = YES;
			};
			name = Release;
		};
		ED8039C21BAC9D40009487B5 /* Debug */ = {
			isa = XCBuildConfiguration;
			baseConfigurationReference = 258BEFE3AFDF0EA894BD2B98 /* Pods-Left.debug.xcconfig */;
			buildSettings = {
				ASSETCATALOG_COMPILER_APPICON_NAME = AppIcon;
				CODE_SIGN_IDENTITY = "iPhone Developer";
				"CODE_SIGN_IDENTITY[sdk=iphoneos*]" = "iPhone Developer";
				EMBEDDED_CONTENT_CONTAINS_SWIFT = YES;
				EMBED_ASSET_PACKS_IN_PRODUCT_BUNDLE = YES;
				ENABLE_BITCODE = NO;
				FRAMEWORK_SEARCH_PATHS = (
					"$(inherited)",
					"$(PROJECT_DIR)/Carthage/Build/iOS",
				);
				INFOPLIST_FILE = Left/Info.plist;
				IPHONEOS_DEPLOYMENT_TARGET = 9.0;
				LD_RUNPATH_SEARCH_PATHS = "@executable_path/Frameworks";
				PRODUCT_BUNDLE_IDENTIFIER = apatron.Left;
				PRODUCT_NAME = "$(TARGET_NAME)";
				PROVISIONING_PROFILE = "";
			};
			name = Debug;
		};
		ED8039C31BAC9D40009487B5 /* Release */ = {
			isa = XCBuildConfiguration;
			baseConfigurationReference = 2A50E7E22FE4711A4AEB04DF /* Pods-Left.release.xcconfig */;
			buildSettings = {
				ASSETCATALOG_COMPILER_APPICON_NAME = AppIcon;
				CODE_SIGN_IDENTITY = "iPhone Developer";
				"CODE_SIGN_IDENTITY[sdk=iphoneos*]" = "iPhone Developer";
				EMBEDDED_CONTENT_CONTAINS_SWIFT = YES;
				EMBED_ASSET_PACKS_IN_PRODUCT_BUNDLE = YES;
				ENABLE_BITCODE = NO;
				FRAMEWORK_SEARCH_PATHS = (
					"$(inherited)",
					"$(PROJECT_DIR)/Carthage/Build/iOS",
				);
				INFOPLIST_FILE = Left/Info.plist;
				IPHONEOS_DEPLOYMENT_TARGET = 9.0;
				LD_RUNPATH_SEARCH_PATHS = "@executable_path/Frameworks";
				PRODUCT_BUNDLE_IDENTIFIER = apatron.Left;
				PRODUCT_NAME = "$(TARGET_NAME)";
				PROVISIONING_PROFILE = "";
			};
			name = Release;
		};
		ED8039C51BAC9D40009487B5 /* Debug */ = {
			isa = XCBuildConfiguration;
			buildSettings = {
				BUNDLE_LOADER = "$(TEST_HOST)";
				INFOPLIST_FILE = LeftTests/Info.plist;
				LD_RUNPATH_SEARCH_PATHS = "$(inherited) @executable_path/Frameworks @loader_path/Frameworks";
				PRODUCT_BUNDLE_IDENTIFIER = apatron.LeftTests;
				PRODUCT_NAME = "$(TARGET_NAME)";
				TEST_HOST = "$(BUILT_PRODUCTS_DIR)/Left.app/Left";
			};
			name = Debug;
		};
		ED8039C61BAC9D40009487B5 /* Release */ = {
			isa = XCBuildConfiguration;
			buildSettings = {
				BUNDLE_LOADER = "$(TEST_HOST)";
				INFOPLIST_FILE = LeftTests/Info.plist;
				LD_RUNPATH_SEARCH_PATHS = "$(inherited) @executable_path/Frameworks @loader_path/Frameworks";
				PRODUCT_BUNDLE_IDENTIFIER = apatron.LeftTests;
				PRODUCT_NAME = "$(TARGET_NAME)";
				TEST_HOST = "$(BUILT_PRODUCTS_DIR)/Left.app/Left";
			};
			name = Release;
		};
		ED8039C81BAC9D40009487B5 /* Debug */ = {
			isa = XCBuildConfiguration;
			buildSettings = {
				INFOPLIST_FILE = LeftUITests/Info.plist;
				LD_RUNPATH_SEARCH_PATHS = "$(inherited) @executable_path/Frameworks @loader_path/Frameworks";
				PRODUCT_BUNDLE_IDENTIFIER = apatron.LeftUITests;
				PRODUCT_NAME = "$(TARGET_NAME)";
				TEST_TARGET_NAME = Left;
				USES_XCTRUNNER = YES;
			};
			name = Debug;
		};
		ED8039C91BAC9D40009487B5 /* Release */ = {
			isa = XCBuildConfiguration;
			buildSettings = {
				INFOPLIST_FILE = LeftUITests/Info.plist;
				LD_RUNPATH_SEARCH_PATHS = "$(inherited) @executable_path/Frameworks @loader_path/Frameworks";
				PRODUCT_BUNDLE_IDENTIFIER = apatron.LeftUITests;
				PRODUCT_NAME = "$(TARGET_NAME)";
				TEST_TARGET_NAME = Left;
				USES_XCTRUNNER = YES;
			};
			name = Release;
		};
/* End XCBuildConfiguration section */

/* Begin XCConfigurationList section */
		ED8039921BAC9D40009487B5 /* Build configuration list for PBXProject "Left" */ = {
			isa = XCConfigurationList;
			buildConfigurations = (
				ED8039BF1BAC9D40009487B5 /* Debug */,
				ED8039C01BAC9D40009487B5 /* Release */,
			);
			defaultConfigurationIsVisible = 0;
			defaultConfigurationName = Release;
		};
		ED8039C11BAC9D40009487B5 /* Build configuration list for PBXNativeTarget "Left" */ = {
			isa = XCConfigurationList;
			buildConfigurations = (
				ED8039C21BAC9D40009487B5 /* Debug */,
				ED8039C31BAC9D40009487B5 /* Release */,
			);
			defaultConfigurationIsVisible = 0;
			defaultConfigurationName = Release;
		};
		ED8039C41BAC9D40009487B5 /* Build configuration list for PBXNativeTarget "LeftTests" */ = {
			isa = XCConfigurationList;
			buildConfigurations = (
				ED8039C51BAC9D40009487B5 /* Debug */,
				ED8039C61BAC9D40009487B5 /* Release */,
			);
			defaultConfigurationIsVisible = 0;
			defaultConfigurationName = Release;
		};
		ED8039C71BAC9D40009487B5 /* Build configuration list for PBXNativeTarget "LeftUITests" */ = {
			isa = XCConfigurationList;
			buildConfigurations = (
				ED8039C81BAC9D40009487B5 /* Debug */,
				ED8039C91BAC9D40009487B5 /* Release */,
			);
			defaultConfigurationIsVisible = 0;
			defaultConfigurationName = Release;
		};
/* End XCConfigurationList section */
	};
	rootObject = ED80398F1BAC9D40009487B5 /* Project object */;
}
