// !$*UTF8*$!
{
	archiveVersion = 1;
	classes = {
	};
	objectVersion = 46;
	objects = {

/* Begin PBXBuildFile section */
		4314A8DC3F75B39771E35C28 /* Pods_Left.framework in Frameworks */ = {isa = PBXBuildFile; fileRef = 7D5DD3B6F266E7307E942358 /* Pods_Left.framework */; };
		ED0B10831D5CD8C000E1E18E /* Nuke.framework in Frameworks */ = {isa = PBXBuildFile; fileRef = ED0B10821D5CD8C000E1E18E /* Nuke.framework */; };
		ED204FB91D42D52E00299F99 /* ResultsCollectionView.swift in Sources */ = {isa = PBXBuildFile; fileRef = ED204FB81D42D52E00299F99 /* ResultsCollectionView.swift */; };
		ED204FBD1D42DA1C00299F99 /* FavoriteRecipeCollectionCell.swift in Sources */ = {isa = PBXBuildFile; fileRef = ED204FBC1D42DA1C00299F99 /* FavoriteRecipeCollectionCell.swift */; };
		ED2391E61D561A7400ADF649 /* SearchTableView.swift in Sources */ = {isa = PBXBuildFile; fileRef = ED2391E51D561A7400ADF649 /* SearchTableView.swift */; };
		ED55E2471C8A490D0079E254 /* FavoritesManager.swift in Sources */ = {isa = PBXBuildFile; fileRef = ED55E2461C8A490D0079E254 /* FavoritesManager.swift */; };
		ED7A9F031D01FFFA007B9DFF /* MBProgressHUD.m in Sources */ = {isa = PBXBuildFile; fileRef = ED7A9F021D01FFFA007B9DFF /* MBProgressHUD.m */; };
		ED80399B1BAC9D40009487B5 /* AppDelegate.swift in Sources */ = {isa = PBXBuildFile; fileRef = ED80399A1BAC9D40009487B5 /* AppDelegate.swift */; };
		ED8039A21BAC9D40009487B5 /* Main.storyboard in Resources */ = {isa = PBXBuildFile; fileRef = ED8039A01BAC9D40009487B5 /* Main.storyboard */; };
		ED8039A41BAC9D40009487B5 /* Assets.xcassets in Resources */ = {isa = PBXBuildFile; fileRef = ED8039A31BAC9D40009487B5 /* Assets.xcassets */; };
		ED8039A71BAC9D40009487B5 /* LaunchScreen.storyboard in Resources */ = {isa = PBXBuildFile; fileRef = ED8039A51BAC9D40009487B5 /* LaunchScreen.storyboard */; };
		ED8039B21BAC9D40009487B5 /* LeftTests.swift in Sources */ = {isa = PBXBuildFile; fileRef = ED8039B11BAC9D40009487B5 /* LeftTests.swift */; };
		ED8039BD1BAC9D40009487B5 /* LeftUITests.swift in Sources */ = {isa = PBXBuildFile; fileRef = ED8039BC1BAC9D40009487B5 /* LeftUITests.swift */; };
		EDA1D0F71D52C8B60024BC6A /* Food2ForkService.swift in Sources */ = {isa = PBXBuildFile; fileRef = EDA1D0F61D52C8B60024BC6A /* Food2ForkService.swift */; };
		EDA1D0F91D52C9200024BC6A /* JSONParser.swift in Sources */ = {isa = PBXBuildFile; fileRef = EDA1D0F81D52C9200024BC6A /* JSONParser.swift */; };
		EDA1D0FB1D52DF7B0024BC6A /* FavoritesCollectionView.swift in Sources */ = {isa = PBXBuildFile; fileRef = EDA1D0FA1D52DF7B0024BC6A /* FavoritesCollectionView.swift */; };
		EDA5D5AF1CC0735400417A28 /* SafariActivity.swift in Sources */ = {isa = PBXBuildFile; fileRef = EDA5D5AE1CC0735400417A28 /* SafariActivity.swift */; };
		EDB819831D53B12D00B8C8EA /* RecipeCollectionCell.swift in Sources */ = {isa = PBXBuildFile; fileRef = EDB819821D53B12D00B8C8EA /* RecipeCollectionCell.swift */; };
		EDB819881D53BE9600B8C8EA /* UIColor.swift in Sources */ = {isa = PBXBuildFile; fileRef = EDB819871D53BE9600B8C8EA /* UIColor.swift */; };
		EDB8198A1D53EB7400B8C8EA /* RecipeWebView.swift in Sources */ = {isa = PBXBuildFile; fileRef = EDB819891D53EB7400B8C8EA /* RecipeWebView.swift */; };
		EDB9B6911BB0596500B88EBF /* NavViewController.swift in Sources */ = {isa = PBXBuildFile; fileRef = EDB9B6901BB0596500B88EBF /* NavViewController.swift */; };
		EDDF76691D5456360050674B /* RecipesLoader.swift in Sources */ = {isa = PBXBuildFile; fileRef = EDDF76681D5456360050674B /* RecipesLoader.swift */; };
		EDDF766E1D5456F20050674B /* UIViewController.swift in Sources */ = {isa = PBXBuildFile; fileRef = EDDF766D1D5456F20050674B /* UIViewController.swift */; };
		EDDF76701D5457240050674B /* String.swift in Sources */ = {isa = PBXBuildFile; fileRef = EDDF766F1D5457240050674B /* String.swift */; };
		EDF1B9571BEAFAE000750317 /* RecipeItem.swift in Sources */ = {isa = PBXBuildFile; fileRef = EDF1B9561BEAFAE000750317 /* RecipeItem.swift */; };
/* End PBXBuildFile section */

/* Begin PBXContainerItemProxy section */
		ED8039AE1BAC9D40009487B5 /* PBXContainerItemProxy */ = {
			isa = PBXContainerItemProxy;
			containerPortal = ED80398F1BAC9D40009487B5 /* Project object */;
			proxyType = 1;
			remoteGlobalIDString = ED8039961BAC9D40009487B5;
			remoteInfo = Left;
		};
		ED8039B91BAC9D40009487B5 /* PBXContainerItemProxy */ = {
			isa = PBXContainerItemProxy;
			containerPortal = ED80398F1BAC9D40009487B5 /* Project object */;
			proxyType = 1;
			remoteGlobalIDString = ED8039961BAC9D40009487B5;
			remoteInfo = Left;
		};
/* End PBXContainerItemProxy section */

/* Begin PBXCopyFilesBuildPhase section */
		ED0BF0561C742D8C0061FEC6 /* CopyFiles */ = {
			isa = PBXCopyFilesBuildPhase;
			buildActionMask = 2147483647;
			dstPath = "";
			dstSubfolderSpec = 10;
			files = (
			);
			runOnlyForDeploymentPostprocessing = 0;
		};
		ED4FF2D31C6EAD0E00FF7439 /* Embed Frameworks */ = {
			isa = PBXCopyFilesBuildPhase;
			buildActionMask = 12;
			dstPath = "";
			dstSubfolderSpec = 10;
			files = (
			);
			name = "Embed Frameworks";
			runOnlyForDeploymentPostprocessing = 0;
		};
/* End PBXCopyFilesBuildPhase section */

/* Begin PBXFileReference section */
		258BEFE3AFDF0EA894BD2B98 /* Pods-Left.debug.xcconfig */ = {isa = PBXFileReference; includeInIndex = 1; lastKnownFileType = text.xcconfig; name = "Pods-Left.debug.xcconfig"; path = "Pods/Target Support Files/Pods-Left/Pods-Left.debug.xcconfig"; sourceTree = "<group>"; };
		2A50E7E22FE4711A4AEB04DF /* Pods-Left.release.xcconfig */ = {isa = PBXFileReference; includeInIndex = 1; lastKnownFileType = text.xcconfig; name = "Pods-Left.release.xcconfig"; path = "Pods/Target Support Files/Pods-Left/Pods-Left.release.xcconfig"; sourceTree = "<group>"; };
		7D5DD3B6F266E7307E942358 /* Pods_Left.framework */ = {isa = PBXFileReference; explicitFileType = wrapper.framework; includeInIndex = 0; path = Pods_Left.framework; sourceTree = BUILT_PRODUCTS_DIR; };
		ED0B10821D5CD8C000E1E18E /* Nuke.framework */ = {isa = PBXFileReference; lastKnownFileType = wrapper.framework; name = Nuke.framework; path = "../../../Library/Developer/Xcode/DerivedData/Left-dxojikephqrgzbdhttxzzxkkhlvk/Build/Products/Debug-iphonesimulator/Nuke/Nuke.framework"; sourceTree = "<group>"; };
		ED204FB81D42D52E00299F99 /* ResultsCollectionView.swift */ = {isa = PBXFileReference; fileEncoding = 4; lastKnownFileType = sourcecode.swift; path = ResultsCollectionView.swift; sourceTree = "<group>"; };
		ED204FBC1D42DA1C00299F99 /* FavoriteRecipeCollectionCell.swift */ = {isa = PBXFileReference; fileEncoding = 4; lastKnownFileType = sourcecode.swift; path = FavoriteRecipeCollectionCell.swift; sourceTree = "<group>"; };
		ED2391E51D561A7400ADF649 /* SearchTableView.swift */ = {isa = PBXFileReference; fileEncoding = 4; lastKnownFileType = sourcecode.swift; path = SearchTableView.swift; sourceTree = "<group>"; };
		ED55E2461C8A490D0079E254 /* FavoritesManager.swift */ = {isa = PBXFileReference; fileEncoding = 4; lastKnownFileType = sourcecode.swift; path = FavoritesManager.swift; sourceTree = "<group>"; };
		ED7A9F011D01FFF9007B9DFF /* Left-Bridging-Header.h */ = {isa = PBXFileReference; lastKnownFileType = sourcecode.c.h; path = "Left-Bridging-Header.h"; sourceTree = "<group>"; };
		ED7A9F021D01FFFA007B9DFF /* MBProgressHUD.m */ = {isa = PBXFileReference; fileEncoding = 4; lastKnownFileType = sourcecode.c.objc; path = MBProgressHUD.m; sourceTree = "<group>"; };
		ED7A9F041D020007007B9DFF /* MBProgressHUD.h */ = {isa = PBXFileReference; lastKnownFileType = sourcecode.c.h; path = MBProgressHUD.h; sourceTree = "<group>"; };
		ED7F2F7D1CB854BB00BCD86A /* iAd.framework */ = {isa = PBXFileReference; lastKnownFileType = wrapper.framework; name = iAd.framework; path = System/Library/Frameworks/iAd.framework; sourceTree = SDKROOT; };
		ED8039971BAC9D40009487B5 /* Left.app */ = {isa = PBXFileReference; explicitFileType = wrapper.application; includeInIndex = 0; path = Left.app; sourceTree = BUILT_PRODUCTS_DIR; };
		ED80399A1BAC9D40009487B5 /* AppDelegate.swift */ = {isa = PBXFileReference; lastKnownFileType = sourcecode.swift; path = AppDelegate.swift; sourceTree = "<group>"; };
		ED8039A11BAC9D40009487B5 /* Base */ = {isa = PBXFileReference; lastKnownFileType = file.storyboard; name = Base; path = Base.lproj/Main.storyboard; sourceTree = "<group>"; };
		ED8039A31BAC9D40009487B5 /* Assets.xcassets */ = {isa = PBXFileReference; lastKnownFileType = folder.assetcatalog; path = Assets.xcassets; sourceTree = "<group>"; };
		ED8039A61BAC9D40009487B5 /* Base */ = {isa = PBXFileReference; lastKnownFileType = file.storyboard; name = Base; path = Base.lproj/LaunchScreen.storyboard; sourceTree = "<group>"; };
		ED8039A81BAC9D40009487B5 /* Info.plist */ = {isa = PBXFileReference; lastKnownFileType = text.plist.xml; path = Info.plist; sourceTree = "<group>"; };
		ED8039AD1BAC9D40009487B5 /* LeftTests.xctest */ = {isa = PBXFileReference; explicitFileType = wrapper.cfbundle; includeInIndex = 0; path = LeftTests.xctest; sourceTree = BUILT_PRODUCTS_DIR; };
		ED8039B11BAC9D40009487B5 /* LeftTests.swift */ = {isa = PBXFileReference; lastKnownFileType = sourcecode.swift; path = LeftTests.swift; sourceTree = "<group>"; };
		ED8039B31BAC9D40009487B5 /* Info.plist */ = {isa = PBXFileReference; lastKnownFileType = text.plist.xml; path = Info.plist; sourceTree = "<group>"; };
		ED8039B81BAC9D40009487B5 /* LeftUITests.xctest */ = {isa = PBXFileReference; explicitFileType = wrapper.cfbundle; includeInIndex = 0; path = LeftUITests.xctest; sourceTree = BUILT_PRODUCTS_DIR; };
		ED8039BC1BAC9D40009487B5 /* LeftUITests.swift */ = {isa = PBXFileReference; lastKnownFileType = sourcecode.swift; path = LeftUITests.swift; sourceTree = "<group>"; };
		ED8039BE1BAC9D40009487B5 /* Info.plist */ = {isa = PBXFileReference; lastKnownFileType = text.plist.xml; path = Info.plist; sourceTree = "<group>"; };
		EDA1D0F61D52C8B60024BC6A /* Food2ForkService.swift */ = {isa = PBXFileReference; fileEncoding = 4; lastKnownFileType = sourcecode.swift; path = Food2ForkService.swift; sourceTree = "<group>"; };
		EDA1D0F81D52C9200024BC6A /* JSONParser.swift */ = {isa = PBXFileReference; fileEncoding = 4; lastKnownFileType = sourcecode.swift; path = JSONParser.swift; sourceTree = "<group>"; };
		EDA1D0FA1D52DF7B0024BC6A /* FavoritesCollectionView.swift */ = {isa = PBXFileReference; fileEncoding = 4; lastKnownFileType = sourcecode.swift; path = FavoritesCollectionView.swift; sourceTree = "<group>"; };
		EDA5D5AE1CC0735400417A28 /* SafariActivity.swift */ = {isa = PBXFileReference; fileEncoding = 4; lastKnownFileType = sourcecode.swift; path = SafariActivity.swift; sourceTree = "<group>"; };
		EDB819821D53B12D00B8C8EA /* RecipeCollectionCell.swift */ = {isa = PBXFileReference; fileEncoding = 4; lastKnownFileType = sourcecode.swift; path = RecipeCollectionCell.swift; sourceTree = "<group>"; };
		EDB819871D53BE9600B8C8EA /* UIColor.swift */ = {isa = PBXFileReference; fileEncoding = 4; lastKnownFileType = sourcecode.swift; path = UIColor.swift; sourceTree = "<group>"; };
		EDB819891D53EB7400B8C8EA /* RecipeWebView.swift */ = {isa = PBXFileReference; fileEncoding = 4; lastKnownFileType = sourcecode.swift; path = RecipeWebView.swift; sourceTree = "<group>"; };
		EDB9B6901BB0596500B88EBF /* NavViewController.swift */ = {isa = PBXFileReference; fileEncoding = 4; lastKnownFileType = sourcecode.swift; path = NavViewController.swift; sourceTree = "<group>"; };
		EDDF76681D5456360050674B /* RecipesLoader.swift */ = {isa = PBXFileReference; fileEncoding = 4; lastKnownFileType = sourcecode.swift; path = RecipesLoader.swift; sourceTree = "<group>"; };
		EDDF766D1D5456F20050674B /* UIViewController.swift */ = {isa = PBXFileReference; fileEncoding = 4; lastKnownFileType = sourcecode.swift; path = UIViewController.swift; sourceTree = "<group>"; };
		EDDF766F1D5457240050674B /* String.swift */ = {isa = PBXFileReference; fileEncoding = 4; lastKnownFileType = sourcecode.swift; path = String.swift; sourceTree = "<group>"; };
		EDF1B9561BEAFAE000750317 /* RecipeItem.swift */ = {isa = PBXFileReference; fileEncoding = 4; lastKnownFileType = sourcecode.swift; path = RecipeItem.swift; sourceTree = "<group>"; };
/* End PBXFileReference section */

/* Begin PBXFrameworksBuildPhase section */
		ED8039941BAC9D40009487B5 /* Frameworks */ = {
			isa = PBXFrameworksBuildPhase;
			buildActionMask = 2147483647;
			files = (
				ED0B10831D5CD8C000E1E18E /* Nuke.framework in Frameworks */,
				4314A8DC3F75B39771E35C28 /* Pods_Left.framework in Frameworks */,
			);
			runOnlyForDeploymentPostprocessing = 0;
		};
		ED8039AA1BAC9D40009487B5 /* Frameworks */ = {
			isa = PBXFrameworksBuildPhase;
			buildActionMask = 2147483647;
			files = (
			);
			runOnlyForDeploymentPostprocessing = 0;
		};
		ED8039B51BAC9D40009487B5 /* Frameworks */ = {
			isa = PBXFrameworksBuildPhase;
			buildActionMask = 2147483647;
			files = (
			);
			runOnlyForDeploymentPostprocessing = 0;
		};
/* End PBXFrameworksBuildPhase section */

/* Begin PBXGroup section */
		7FD72D86C2EDDD7C19A2992F /* Frameworks */ = {
			isa = PBXGroup;
			children = (
				ED0B10821D5CD8C000E1E18E /* Nuke.framework */,
				ED7F2F7D1CB854BB00BCD86A /* iAd.framework */,
				7D5DD3B6F266E7307E942358 /* Pods_Left.framework */,
			);
			name = Frameworks;
			sourceTree = "<group>";
		};
		ED80398E1BAC9D40009487B5 = {
			isa = PBXGroup;
			children = (
				ED8039991BAC9D40009487B5 /* Left */,
				ED8039B01BAC9D40009487B5 /* LeftTests */,
				ED8039BB1BAC9D40009487B5 /* LeftUITests */,
				ED8039981BAC9D40009487B5 /* Products */,
				FAA45BFD36B8A97B76C994CF /* Pods */,
				7FD72D86C2EDDD7C19A2992F /* Frameworks */,
			);
			sourceTree = "<group>";
		};
		ED8039981BAC9D40009487B5 /* Products */ = {
			isa = PBXGroup;
			children = (
				ED8039971BAC9D40009487B5 /* Left.app */,
				ED8039AD1BAC9D40009487B5 /* LeftTests.xctest */,
				ED8039B81BAC9D40009487B5 /* LeftUITests.xctest */,
			);
			name = Products;
			sourceTree = "<group>";
		};
		ED8039991BAC9D40009487B5 /* Left */ = {
			isa = PBXGroup;
			children = (
				EDB819841D53B13500B8C8EA /* Model */,
				EDB819851D53B15000B8C8EA /* View */,
				EDB8198D1D53F12F00B8C8EA /* View Controller */,
				EDB8198B1D53F08E00B8C8EA /* Services */,
				EDB819861D53BE8A00B8C8EA /* Extensions */,
				EDC974391C94D331000C1C24 /* Other */,
				ED8039A01BAC9D40009487B5 /* Main.storyboard */,
				ED8039A51BAC9D40009487B5 /* LaunchScreen.storyboard */,
				ED8039A31BAC9D40009487B5 /* Assets.xcassets */,
				EDB9B6941BB05C9B00B88EBF /* Supporting Files */,
			);
			path = Left;
			sourceTree = "<group>";
		};
		ED8039B01BAC9D40009487B5 /* LeftTests */ = {
			isa = PBXGroup;
			children = (
				ED8039B11BAC9D40009487B5 /* LeftTests.swift */,
				ED8039B31BAC9D40009487B5 /* Info.plist */,
			);
			path = LeftTests;
			sourceTree = "<group>";
		};
		ED8039BB1BAC9D40009487B5 /* LeftUITests */ = {
			isa = PBXGroup;
			children = (
				ED8039BC1BAC9D40009487B5 /* LeftUITests.swift */,
				ED8039BE1BAC9D40009487B5 /* Info.plist */,
			);
			path = LeftUITests;
			sourceTree = "<group>";
		};
		EDB819841D53B13500B8C8EA /* Model */ = {
			isa = PBXGroup;
			children = (
				EDF1B9561BEAFAE000750317 /* RecipeItem.swift */,
			);
			name = Model;
			sourceTree = "<group>";
		};
		EDB819851D53B15000B8C8EA /* View */ = {
			isa = PBXGroup;
			children = (
				EDB819821D53B12D00B8C8EA /* RecipeCollectionCell.swift */,
				ED204FBC1D42DA1C00299F99 /* FavoriteRecipeCollectionCell.swift */,
			);
			name = View;
			sourceTree = "<group>";
		};
		EDB819861D53BE8A00B8C8EA /* Extensions */ = {
			isa = PBXGroup;
			children = (
				EDB819871D53BE9600B8C8EA /* UIColor.swift */,
				EDDF766D1D5456F20050674B /* UIViewController.swift */,
				EDDF766F1D5457240050674B /* String.swift */,
			);
			name = Extensions;
			sourceTree = "<group>";
		};
		EDB8198B1D53F08E00B8C8EA /* Services */ = {
			isa = PBXGroup;
			children = (
				ED55E2461C8A490D0079E254 /* FavoritesManager.swift */,
				EDDF76681D5456360050674B /* RecipesLoader.swift */,
				EDA1D0F61D52C8B60024BC6A /* Food2ForkService.swift */,
				EDA1D0F81D52C9200024BC6A /* JSONParser.swift */,
			);
			name = Services;
			sourceTree = "<group>";
		};
		EDB8198D1D53F12F00B8C8EA /* View Controller */ = {
			isa = PBXGroup;
			children = (
				EDA1D0FA1D52DF7B0024BC6A /* FavoritesCollectionView.swift */,
				ED204FB81D42D52E00299F99 /* ResultsCollectionView.swift */,
				EDB819891D53EB7400B8C8EA /* RecipeWebView.swift */,
				ED2391E51D561A7400ADF649 /* SearchTableView.swift */,
			);
			name = "View Controller";
			sourceTree = "<group>";
		};
		EDB9B6941BB05C9B00B88EBF /* Supporting Files */ = {
			isa = PBXGroup;
			children = (
				ED8039A81BAC9D40009487B5 /* Info.plist */,
			);
			name = "Supporting Files";
			sourceTree = "<group>";
		};
		EDC974391C94D331000C1C24 /* Other */ = {
			isa = PBXGroup;
			children = (
				ED7A9F041D020007007B9DFF /* MBProgressHUD.h */,
				ED7A9F021D01FFFA007B9DFF /* MBProgressHUD.m */,
				EDA5D5AE1CC0735400417A28 /* SafariActivity.swift */,
				EDB9B6901BB0596500B88EBF /* NavViewController.swift */,
				ED80399A1BAC9D40009487B5 /* AppDelegate.swift */,
				ED7A9F011D01FFF9007B9DFF /* Left-Bridging-Header.h */,
			);
			name = Other;
			sourceTree = "<group>";
		};
		FAA45BFD36B8A97B76C994CF /* Pods */ = {
			isa = PBXGroup;
			children = (
				258BEFE3AFDF0EA894BD2B98 /* Pods-Left.debug.xcconfig */,
				2A50E7E22FE4711A4AEB04DF /* Pods-Left.release.xcconfig */,
			);
			name = Pods;
			sourceTree = "<group>";
		};
/* End PBXGroup section */

/* Begin PBXNativeTarget section */
		ED8039961BAC9D40009487B5 /* Left */ = {
			isa = PBXNativeTarget;
			buildConfigurationList = ED8039C11BAC9D40009487B5 /* Build configuration list for PBXNativeTarget "Left" */;
			buildPhases = (
				1E02EC7C61E2300AE0DB76DA /* 📦 Check Pods Manifest.lock */,
				ED8039931BAC9D40009487B5 /* Sources */,
				ED8039941BAC9D40009487B5 /* Frameworks */,
				ED8039951BAC9D40009487B5 /* Resources */,
				ED4FF2D31C6EAD0E00FF7439 /* Embed Frameworks */,
				ED4FF3321C6EDE3900FF7439 /* ShellScript */,
				ED0BF0561C742D8C0061FEC6 /* CopyFiles */,
				6D4DB7CC06E7D705DE375403 /* 📦 Embed Pods Frameworks */,
				5E8A363C7F87262AFB02F5CA /* 📦 Copy Pods Resources */,
			);
			buildRules = (
			);
			dependencies = (
			);
			name = Left;
			productName = Left;
			productReference = ED8039971BAC9D40009487B5 /* Left.app */;
			productType = "com.apple.product-type.application";
		};
		ED8039AC1BAC9D40009487B5 /* LeftTests */ = {
			isa = PBXNativeTarget;
			buildConfigurationList = ED8039C41BAC9D40009487B5 /* Build configuration list for PBXNativeTarget "LeftTests" */;
			buildPhases = (
				ED8039A91BAC9D40009487B5 /* Sources */,
				ED8039AA1BAC9D40009487B5 /* Frameworks */,
				ED8039AB1BAC9D40009487B5 /* Resources */,
			);
			buildRules = (
			);
			dependencies = (
				ED8039AF1BAC9D40009487B5 /* PBXTargetDependency */,
			);
			name = LeftTests;
			productName = LeftTests;
			productReference = ED8039AD1BAC9D40009487B5 /* LeftTests.xctest */;
			productType = "com.apple.product-type.bundle.unit-test";
		};
		ED8039B71BAC9D40009487B5 /* LeftUITests */ = {
			isa = PBXNativeTarget;
			buildConfigurationList = ED8039C71BAC9D40009487B5 /* Build configuration list for PBXNativeTarget "LeftUITests" */;
			buildPhases = (
				ED8039B41BAC9D40009487B5 /* Sources */,
				ED8039B51BAC9D40009487B5 /* Frameworks */,
				ED8039B61BAC9D40009487B5 /* Resources */,
			);
			buildRules = (
			);
			dependencies = (
				ED8039BA1BAC9D40009487B5 /* PBXTargetDependency */,
			);
			name = LeftUITests;
			productName = LeftUITests;
			productReference = ED8039B81BAC9D40009487B5 /* LeftUITests.xctest */;
			productType = "com.apple.product-type.bundle.ui-testing";
		};
/* End PBXNativeTarget section */

/* Begin PBXProject section */
		ED80398F1BAC9D40009487B5 /* Project object */ = {
			isa = PBXProject;
			attributes = {
				LastSwiftUpdateCheck = 0730;
				LastUpgradeCheck = 0720;
				ORGANIZATIONNAME = "Ale Patrón";
				TargetAttributes = {
					ED8039961BAC9D40009487B5 = {
						CreatedOnToolsVersion = 7.0;
						DevelopmentTeam = 5U48XLFTQZ;
					};
					ED8039AC1BAC9D40009487B5 = {
						CreatedOnToolsVersion = 7.0;
						TestTargetID = ED8039961BAC9D40009487B5;
					};
					ED8039B71BAC9D40009487B5 = {
						CreatedOnToolsVersion = 7.0;
						TestTargetID = ED8039961BAC9D40009487B5;
					};
				};
			};
			buildConfigurationList = ED8039921BAC9D40009487B5 /* Build configuration list for PBXProject "Left" */;
			compatibilityVersion = "Xcode 3.2";
			developmentRegion = English;
			hasScannedForEncodings = 0;
			knownRegions = (
				en,
				Base,
			);
			mainGroup = ED80398E1BAC9D40009487B5;
			productRefGroup = ED8039981BAC9D40009487B5 /* Products */;
			projectDirPath = "";
			projectRoot = "";
			targets = (
				ED8039961BAC9D40009487B5 /* Left */,
				ED8039AC1BAC9D40009487B5 /* LeftTests */,
				ED8039B71BAC9D40009487B5 /* LeftUITests */,
			);
		};
/* End PBXProject section */

/* Begin PBXResourcesBuildPhase section */
		ED8039951BAC9D40009487B5 /* Resources */ = {
			isa = PBXResourcesBuildPhase;
			buildActionMask = 2147483647;
			files = (
				ED8039A71BAC9D40009487B5 /* LaunchScreen.storyboard in Resources */,
				ED8039A41BAC9D40009487B5 /* Assets.xcassets in Resources */,
				ED8039A21BAC9D40009487B5 /* Main.storyboard in Resources */,
			);
			runOnlyForDeploymentPostprocessing = 0;
		};
		ED8039AB1BAC9D40009487B5 /* Resources */ = {
			isa = PBXResourcesBuildPhase;
			buildActionMask = 2147483647;
			files = (
			);
			runOnlyForDeploymentPostprocessing = 0;
		};
		ED8039B61BAC9D40009487B5 /* Resources */ = {
			isa = PBXResourcesBuildPhase;
			buildActionMask = 2147483647;
			files = (
			);
			runOnlyForDeploymentPostprocessing = 0;
		};
/* End PBXResourcesBuildPhase section */

/* Begin PBXShellScriptBuildPhase section */
		1E02EC7C61E2300AE0DB76DA /* 📦 Check Pods Manifest.lock */ = {
			isa = PBXShellScriptBuildPhase;
			buildActionMask = 2147483647;
			files = (
			);
			inputPaths = (
			);
			name = "📦 Check Pods Manifest.lock";
			outputPaths = (
			);
			runOnlyForDeploymentPostprocessing = 0;
			shellPath = /bin/sh;
			shellScript = "diff \"${PODS_ROOT}/../Podfile.lock\" \"${PODS_ROOT}/Manifest.lock\" > /dev/null\nif [[ $? != 0 ]] ; then\n    cat << EOM\nerror: The sandbox is not in sync with the Podfile.lock. Run 'pod install' or update your CocoaPods installation.\nEOM\n    exit 1\nfi\n";
			showEnvVarsInLog = 0;
		};
		5E8A363C7F87262AFB02F5CA /* 📦 Copy Pods Resources */ = {
			isa = PBXShellScriptBuildPhase;
			buildActionMask = 2147483647;
			files = (
			);
			inputPaths = (
			);
			name = "📦 Copy Pods Resources";
			outputPaths = (
			);
			runOnlyForDeploymentPostprocessing = 0;
			shellPath = /bin/sh;
			shellScript = "\"${SRCROOT}/Pods/Target Support Files/Pods-Left/Pods-Left-resources.sh\"\n";
			showEnvVarsInLog = 0;
		};
		6D4DB7CC06E7D705DE375403 /* 📦 Embed Pods Frameworks */ = {
			isa = PBXShellScriptBuildPhase;
			buildActionMask = 2147483647;
			files = (
			);
			inputPaths = (
			);
			name = "📦 Embed Pods Frameworks";
			outputPaths = (
			);
			runOnlyForDeploymentPostprocessing = 0;
			shellPath = /bin/sh;
			shellScript = "\"${SRCROOT}/Pods/Target Support Files/Pods-Left/Pods-Left-frameworks.sh\"\n";
			showEnvVarsInLog = 0;
		};
		ED4FF3321C6EDE3900FF7439 /* ShellScript */ = {
			isa = PBXShellScriptBuildPhase;
			buildActionMask = 8;
			files = (
			);
			inputPaths = (
			);
			outputPaths = (
			);
			runOnlyForDeploymentPostprocessing = 1;
			shellPath = /bin/sh;
			shellScript = "/usr/local/bin/carthage copy-frameworks";
		};
/* End PBXShellScriptBuildPhase section */

/* Begin PBXSourcesBuildPhase section */
		ED8039931BAC9D40009487B5 /* Sources */ = {
			isa = PBXSourcesBuildPhase;
			buildActionMask = 2147483647;
			files = (
				EDB9B6911BB0596500B88EBF /* NavViewController.swift in Sources */,
				EDDF76701D5457240050674B /* String.swift in Sources */,
				EDF1B9571BEAFAE000750317 /* RecipeItem.swift in Sources */,
				EDA1D0F91D52C9200024BC6A /* JSONParser.swift in Sources */,
				EDB8198A1D53EB7400B8C8EA /* RecipeWebView.swift in Sources */,
				EDB819831D53B12D00B8C8EA /* RecipeCollectionCell.swift in Sources */,
				EDA5D5AF1CC0735400417A28 /* SafariActivity.swift in Sources */,
				EDB819881D53BE9600B8C8EA /* UIColor.swift in Sources */,
				ED204FBD1D42DA1C00299F99 /* FavoriteRecipeCollectionCell.swift in Sources */,
				ED55E2471C8A490D0079E254 /* FavoritesManager.swift in Sources */,
				EDA1D0F71D52C8B60024BC6A /* Food2ForkService.swift in Sources */,
				EDA1D0FB1D52DF7B0024BC6A /* FavoritesCollectionView.swift in Sources */,
				ED80399B1BAC9D40009487B5 /* AppDelegate.swift in Sources */,
				EDDF766E1D5456F20050674B /* UIViewController.swift in Sources */,
				EDDF76691D5456360050674B /* RecipesLoader.swift in Sources */,
				ED2391E61D561A7400ADF649 /* SearchTableView.swift in Sources */,
				ED7A9F031D01FFFA007B9DFF /* MBProgressHUD.m in Sources */,
				ED204FB91D42D52E00299F99 /* ResultsCollectionView.swift in Sources */,
			);
			runOnlyForDeploymentPostprocessing = 0;
		};
		ED8039A91BAC9D40009487B5 /* Sources */ = {
			isa = PBXSourcesBuildPhase;
			buildActionMask = 2147483647;
			files = (
				ED8039B21BAC9D40009487B5 /* LeftTests.swift in Sources */,
			);
			runOnlyForDeploymentPostprocessing = 0;
		};
		ED8039B41BAC9D40009487B5 /* Sources */ = {
			isa = PBXSourcesBuildPhase;
			buildActionMask = 2147483647;
			files = (
				ED8039BD1BAC9D40009487B5 /* LeftUITests.swift in Sources */,
			);
			runOnlyForDeploymentPostprocessing = 0;
		};
/* End PBXSourcesBuildPhase section */

/* Begin PBXTargetDependency section */
		ED8039AF1BAC9D40009487B5 /* PBXTargetDependency */ = {
			isa = PBXTargetDependency;
			target = ED8039961BAC9D40009487B5 /* Left */;
			targetProxy = ED8039AE1BAC9D40009487B5 /* PBXContainerItemProxy */;
		};
		ED8039BA1BAC9D40009487B5 /* PBXTargetDependency */ = {
			isa = PBXTargetDependency;
			target = ED8039961BAC9D40009487B5 /* Left */;
			targetProxy = ED8039B91BAC9D40009487B5 /* PBXContainerItemProxy */;
		};
/* End PBXTargetDependency section */

/* Begin PBXVariantGroup section */
		ED8039A01BAC9D40009487B5 /* Main.storyboard */ = {
			isa = PBXVariantGroup;
			children = (
				ED8039A11BAC9D40009487B5 /* Base */,
			);
			name = Main.storyboard;
			sourceTree = "<group>";
		};
		ED8039A51BAC9D40009487B5 /* LaunchScreen.storyboard */ = {
			isa = PBXVariantGroup;
			children = (
				ED8039A61BAC9D40009487B5 /* Base */,
			);
			name = LaunchScreen.storyboard;
			sourceTree = "<group>";
		};
/* End PBXVariantGroup section */

/* Begin XCBuildConfiguration section */
		ED8039BF1BAC9D40009487B5 /* Debug */ = {
			isa = XCBuildConfiguration;
			buildSettings = {
				ALWAYS_SEARCH_USER_PATHS = NO;
				CLANG_CXX_LANGUAGE_STANDARD = "gnu++0x";
				CLANG_CXX_LIBRARY = "libc++";
				CLANG_ENABLE_MODULES = YES;
				CLANG_ENABLE_OBJC_ARC = YES;
				CLANG_WARN_BOOL_CONVERSION = YES;
				CLANG_WARN_CONSTANT_CONVERSION = YES;
				CLANG_WARN_DIRECT_OBJC_ISA_USAGE = YES_ERROR;
				CLANG_WARN_EMPTY_BODY = YES;
				CLANG_WARN_ENUM_CONVERSION = YES;
				CLANG_WARN_INT_CONVERSION = YES;
				CLANG_WARN_OBJC_ROOT_CLASS = YES_ERROR;
				CLANG_WARN_UNREACHABLE_CODE = YES;
				CLANG_WARN__DUPLICATE_METHOD_MATCH = YES;
				"CODE_SIGN_IDENTITY[sdk=iphoneos*]" = "iPhone Developer";
				COPY_PHASE_STRIP = NO;
				DEBUG_INFORMATION_FORMAT = dwarf;
				ENABLE_BITCODE = YES;
				ENABLE_STRICT_OBJC_MSGSEND = YES;
				ENABLE_TESTABILITY = YES;
				GCC_C_LANGUAGE_STANDARD = gnu99;
				GCC_DYNAMIC_NO_PIC = NO;
				GCC_NO_COMMON_BLOCKS = YES;
				GCC_OPTIMIZATION_LEVEL = 0;
				GCC_PREPROCESSOR_DEFINITIONS = (
					"DEBUG=1",
					"$(inherited)",
				);
				GCC_WARN_64_TO_32_BIT_CONVERSION = YES;
				GCC_WARN_ABOUT_RETURN_TYPE = YES_ERROR;
				GCC_WARN_UNDECLARED_SELECTOR = YES;
				GCC_WARN_UNINITIALIZED_AUTOS = YES_AGGRESSIVE;
				GCC_WARN_UNUSED_FUNCTION = YES;
				GCC_WARN_UNUSED_VARIABLE = YES;
				IPHONEOS_DEPLOYMENT_TARGET = 9.0;
				MTL_ENABLE_DEBUG_INFO = YES;
				ONLY_ACTIVE_ARCH = YES;
				SDKROOT = iphoneos;
				SWIFT_OPTIMIZATION_LEVEL = "-Onone";
			};
			name = Debug;
		};
		ED8039C01BAC9D40009487B5 /* Release */ = {
			isa = XCBuildConfiguration;
			buildSettings = {
				ALWAYS_SEARCH_USER_PATHS = NO;
				CLANG_CXX_LANGUAGE_STANDARD = "gnu++0x";
				CLANG_CXX_LIBRARY = "libc++";
				CLANG_ENABLE_MODULES = YES;
				CLANG_ENABLE_OBJC_ARC = YES;
				CLANG_WARN_BOOL_CONVERSION = YES;
				CLANG_WARN_CONSTANT_CONVERSION = YES;
				CLANG_WARN_DIRECT_OBJC_ISA_USAGE = YES_ERROR;
				CLANG_WARN_EMPTY_BODY = YES;
				CLANG_WARN_ENUM_CONVERSION = YES;
				CLANG_WARN_INT_CONVERSION = YES;
				CLANG_WARN_OBJC_ROOT_CLASS = YES_ERROR;
				CLANG_WARN_UNREACHABLE_CODE = YES;
				CLANG_WARN__DUPLICATE_METHOD_MATCH = YES;
				"CODE_SIGN_IDENTITY[sdk=iphoneos*]" = "iPhone Developer";
				COPY_PHASE_STRIP = NO;
				DEBUG_INFORMATION_FORMAT = "dwarf-with-dsym";
				ENABLE_BITCODE = YES;
				ENABLE_NS_ASSERTIONS = NO;
				ENABLE_STRICT_OBJC_MSGSEND = YES;
				GCC_C_LANGUAGE_STANDARD = gnu99;
				GCC_NO_COMMON_BLOCKS = YES;
				GCC_WARN_64_TO_32_BIT_CONVERSION = YES;
				GCC_WARN_ABOUT_RETURN_TYPE = YES_ERROR;
				GCC_WARN_UNDECLARED_SELECTOR = YES;
				GCC_WARN_UNINITIALIZED_AUTOS = YES_AGGRESSIVE;
				GCC_WARN_UNUSED_FUNCTION = YES;
				GCC_WARN_UNUSED_VARIABLE = YES;
				IPHONEOS_DEPLOYMENT_TARGET = 9.0;
				MTL_ENABLE_DEBUG_INFO = NO;
				SDKROOT = iphoneos;
				VALIDATE_PRODUCT = YES;
			};
			name = Release;
		};
		ED8039C21BAC9D40009487B5 /* Debug */ = {
			isa = XCBuildConfiguration;
			baseConfigurationReference = 258BEFE3AFDF0EA894BD2B98 /* Pods-Left.debug.xcconfig */;
			buildSettings = {
				ASSETCATALOG_COMPILER_APPICON_NAME = AppIcon;
				CLANG_ENABLE_MODULES = YES;
				CODE_SIGN_IDENTITY = "iPhone Developer";
				"CODE_SIGN_IDENTITY[sdk=iphoneos*]" = "iPhone Developer";
				EMBEDDED_CONTENT_CONTAINS_SWIFT = YES;
				EMBED_ASSET_PACKS_IN_PRODUCT_BUNDLE = YES;
				ENABLE_BITCODE = NO;
				FRAMEWORK_SEARCH_PATHS = "$(inherited)";
				INFOPLIST_FILE = Left/Info.plist;
				IPHONEOS_DEPLOYMENT_TARGET = 9.0;
				LD_RUNPATH_SEARCH_PATHS = "@executable_path/Frameworks";
				PRODUCT_BUNDLE_IDENTIFIER = com.AlePatron.Left;
				PRODUCT_NAME = "$(TARGET_NAME)";
				PROVISIONING_PROFILE = "c97ff829-7bf1-429a-aa3b-ef1cadc83ab2";
				SWIFT_OBJC_BRIDGING_HEADER = "Left/Left-Bridging-Header.h";
				SWIFT_OPTIMIZATION_LEVEL = "-Onone";
				TARGETED_DEVICE_FAMILY = "1,2";
			};
			name = Debug;
		};
		ED8039C31BAC9D40009487B5 /* Release */ = {
			isa = XCBuildConfiguration;
			baseConfigurationReference = 2A50E7E22FE4711A4AEB04DF /* Pods-Left.release.xcconfig */;
			buildSettings = {
				ASSETCATALOG_COMPILER_APPICON_NAME = AppIcon;
				CLANG_ENABLE_MODULES = YES;
				CODE_SIGN_IDENTITY = "iPhone Developer";
				"CODE_SIGN_IDENTITY[sdk=iphoneos*]" = "iPhone Developer";
				EMBEDDED_CONTENT_CONTAINS_SWIFT = YES;
				EMBED_ASSET_PACKS_IN_PRODUCT_BUNDLE = YES;
				ENABLE_BITCODE = NO;
				FRAMEWORK_SEARCH_PATHS = "$(inherited)";
				INFOPLIST_FILE = Left/Info.plist;
				IPHONEOS_DEPLOYMENT_TARGET = 9.0;
				LD_RUNPATH_SEARCH_PATHS = "@executable_path/Frameworks";
				PRODUCT_BUNDLE_IDENTIFIER = com.AlePatron.Left;
				PRODUCT_NAME = "$(TARGET_NAME)";
				PROVISIONING_PROFILE = "c97ff829-7bf1-429a-aa3b-ef1cadc83ab2";
				SWIFT_OBJC_BRIDGING_HEADER = "Left/Left-Bridging-Header.h";
				TARGETED_DEVICE_FAMILY = "1,2";
			};
			name = Release;
		};
		ED8039C51BAC9D40009487B5 /* Debug */ = {
			isa = XCBuildConfiguration;
			buildSettings = {
				BUNDLE_LOADER = "$(TEST_HOST)";
				INFOPLIST_FILE = LeftTests/Info.plist;
				LD_RUNPATH_SEARCH_PATHS = "$(inherited) @executable_path/Frameworks @loader_path/Frameworks";
				PRODUCT_BUNDLE_IDENTIFIER = apatron.LeftTests;
				PRODUCT_NAME = "$(TARGET_NAME)";
				TEST_HOST = "$(BUILT_PRODUCTS_DIR)/Left.app/Left";
			};
			name = Debug;
		};
		ED8039C61BAC9D40009487B5 /* Release */ = {
			isa = XCBuildConfiguration;
			buildSettings = {
				BUNDLE_LOADER = "$(TEST_HOST)";
				INFOPLIST_FILE = LeftTests/Info.plist;
				LD_RUNPATH_SEARCH_PATHS = "$(inherited) @executable_path/Frameworks @loader_path/Frameworks";
				PRODUCT_BUNDLE_IDENTIFIER = apatron.LeftTests;
				PRODUCT_NAME = "$(TARGET_NAME)";
				TEST_HOST = "$(BUILT_PRODUCTS_DIR)/Left.app/Left";
			};
			name = Release;
		};
		ED8039C81BAC9D40009487B5 /* Debug */ = {
			isa = XCBuildConfiguration;
			buildSettings = {
				INFOPLIST_FILE = LeftUITests/Info.plist;
				LD_RUNPATH_SEARCH_PATHS = "$(inherited) @executable_path/Frameworks @loader_path/Frameworks";
				PRODUCT_BUNDLE_IDENTIFIER = apatron.LeftUITests;
				PRODUCT_NAME = "$(TARGET_NAME)";
				TEST_TARGET_NAME = Left;
				USES_XCTRUNNER = YES;
			};
			name = Debug;
		};
		ED8039C91BAC9D40009487B5 /* Release */ = {
			isa = XCBuildConfiguration;
			buildSettings = {
				INFOPLIST_FILE = LeftUITests/Info.plist;
				LD_RUNPATH_SEARCH_PATHS = "$(inherited) @executable_path/Frameworks @loader_path/Frameworks";
				PRODUCT_BUNDLE_IDENTIFIER = apatron.LeftUITests;
				PRODUCT_NAME = "$(TARGET_NAME)";
				TEST_TARGET_NAME = Left;
				USES_XCTRUNNER = YES;
			};
			name = Release;
		};
/* End XCBuildConfiguration section */

/* Begin XCConfigurationList section */
		ED8039921BAC9D40009487B5 /* Build configuration list for PBXProject "Left" */ = {
			isa = XCConfigurationList;
			buildConfigurations = (
				ED8039BF1BAC9D40009487B5 /* Debug */,
				ED8039C01BAC9D40009487B5 /* Release */,
			);
			defaultConfigurationIsVisible = 0;
			defaultConfigurationName = Release;
		};
		ED8039C11BAC9D40009487B5 /* Build configuration list for PBXNativeTarget "Left" */ = {
			isa = XCConfigurationList;
			buildConfigurations = (
				ED8039C21BAC9D40009487B5 /* Debug */,
				ED8039C31BAC9D40009487B5 /* Release */,
			);
			defaultConfigurationIsVisible = 0;
			defaultConfigurationName = Release;
		};
		ED8039C41BAC9D40009487B5 /* Build configuration list for PBXNativeTarget "LeftTests" */ = {
			isa = XCConfigurationList;
			buildConfigurations = (
				ED8039C51BAC9D40009487B5 /* Debug */,
				ED8039C61BAC9D40009487B5 /* Release */,
			);
			defaultConfigurationIsVisible = 0;
			defaultConfigurationName = Release;
		};
		ED8039C71BAC9D40009487B5 /* Build configuration list for PBXNativeTarget "LeftUITests" */ = {
			isa = XCConfigurationList;
			buildConfigurations = (
				ED8039C81BAC9D40009487B5 /* Debug */,
				ED8039C91BAC9D40009487B5 /* Release */,
			);
			defaultConfigurationIsVisible = 0;
			defaultConfigurationName = Release;
		};
/* End XCConfigurationList section */
	};
	rootObject = ED80398F1BAC9D40009487B5 /* Project object */;
}
